
Microsoft Visual Studio Solution File, Format Version 12.00
# Visual Studio Version 17
VisualStudioVersion = 17.7.34031.279
MinimumVisualStudioVersion = 10.0.40219.1
Project("{9A19103F-16F7-4668-BE54-9A1E7A4F7556}") = "WebApplication1", "WebApplication1\WebApplication1.csproj", "{1BADD566-319A-49F6-9388-DA2C160B1C51}"
EndProject
Project("{FAE04EC0-301F-11D3-BF4B-00C04F79EFBC}") = "ModbusDemo", "ModbusDemo\ModbusDemo.csproj", "{80B0DAAE-20C4-4EE1-A0C2-3854D5D339AA}"
EndProject
Global
	GlobalSection(SolutionConfigurationPlatforms) = preSolution
		Debug|Any CPU = Debug|Any CPU
		Release|Any CPU = Release|Any CPU
	EndGlobalSection
	GlobalSection(ProjectConfigurationPlatforms) = postSolution
		{1BADD566-319A-49F6-9388-DA2C160B1C51}.Debug|Any CPU.ActiveCfg = Debug|Any CPU
		{1BADD566-319A-49F6-9388-DA2C160B1C51}.Debug|Any CPU.Build.0 = Debug|Any CPU
		{1BADD566-319A-49F6-9388-DA2C160B1C51}.Release|Any CPU.ActiveCfg = Release|Any CPU
		{1BADD566-319A-49F6-9388-DA2C160B1C51}.Release|Any CPU.Build.0 = Release|Any CPU
		{80B0DAAE-20C4-4EE1-A0C2-3854D5D339AA}.Debug|Any CPU.ActiveCfg = Debug|Any CPU
		{80B0DAAE-20C4-4EE1-A0C2-3854D5D339AA}.Debug|Any CPU.Build.0 = Debug|Any CPU
		{80B0DAAE-20C4-4EE1-A0C2-3854D5D339AA}.Release|Any CPU.ActiveCfg = Release|Any CPU
		{80B0DAAE-20C4-4EE1-A0C2-3854D5D339AA}.Release|Any CPU.Build.0 = Release|Any CPU
	EndGlobalSection
	GlobalSection(SolutionProperties) = preSolution
		HideSolutionNode = FALSE
	EndGlobalSection
	GlobalSection(ExtensibilityGlobals) = postSolution
		SolutionGuid = {C591F450-D875-409F-B364-AE592C16B320}
	EndGlobalSection
EndGlobal
